
Microsoft Visual Studio Solution File, Format Version 12.00
# Visual Studio Version 17
VisualStudioVersion = 17.0.31903.59
MinimumVisualStudioVersion = 10.0.40219.1
Project("{FAE04EC0-301F-11D3-BF4B-00C04F79EFBC}") = "HueGraphics.API", "HueGraphics.API\HueGraphics.API.csproj", "{A1B2C3D4-E5F6-4A5B-8C9D-0E1F2A3B4C5D}"
EndProject
Project("{FAE04EC0-301F-11D3-BF4B-00C04F79EFBC}") = "HueGraphics.Core", "HueGraphics.Core\HueGraphics.Core.csproj", "{B2C3D4E5-F6A7-4B5C-9D0E-1F2A3B4C5D6E}"
EndProject
Project("{FAE04EC0-301F-11D3-BF4B-00C04F79EFBC}") = "HueGraphics.Infrastructure", "HueGraphics.Infrastructure\HueGraphics.Infrastructure.csproj", "{C3D4E5F6-A7B8-4C5D-0E1F-2A3B4C5D6E7F}"
EndProject
Project("{FAE04EC0-301F-11D3-BF4B-00C04F79EFBC}") = "HueGraphics.Domain", "HueGraphics.Domain\HueGraphics.Domain.csproj", "{C2933EBE-8767-41F1-A829-2DEA9FD17582}"
EndProject
Project("{FAE04EC0-301F-11D3-BF4B-00C04F79EFBC}") = "HueGraphics.Application", "HueGraphics.Application\HueGraphics.Application.csproj", "{67ED5271-DD5F-46AE-B249-9604C7C1B8B4}"
EndProject
Project("{FAE04EC0-301F-11D3-BF4B-00C04F79EFBC}") = "KinectBridge", "..\kinect-bridge\KinectBridge.csproj", "{326690A2-8069-4ECE-8C50-4FCD54DF3E56}"
EndProject
Global
	GlobalSection(SolutionConfigurationPlatforms) = preSolution
		Debug|Any CPU = Debug|Any CPU
		Debug|x64 = Debug|x64
		Debug|x86 = Debug|x86
		Release|Any CPU = Release|Any CPU
		Release|x64 = Release|x64
		Release|x86 = Release|x86
	EndGlobalSection
	GlobalSection(ProjectConfigurationPlatforms) = postSolution
		{A1B2C3D4-E5F6-4A5B-8C9D-0E1F2A3B4C5D}.Debug|Any CPU.ActiveCfg = Debug|Any CPU
		{A1B2C3D4-E5F6-4A5B-8C9D-0E1F2A3B4C5D}.Debug|Any CPU.Build.0 = Debug|Any CPU
		{A1B2C3D4-E5F6-4A5B-8C9D-0E1F2A3B4C5D}.Debug|x64.ActiveCfg = Debug|Any CPU
		{A1B2C3D4-E5F6-4A5B-8C9D-0E1F2A3B4C5D}.Debug|x64.Build.0 = Debug|Any CPU
		{A1B2C3D4-E5F6-4A5B-8C9D-0E1F2A3B4C5D}.Debug|x86.ActiveCfg = Debug|Any CPU
		{A1B2C3D4-E5F6-4A5B-8C9D-0E1F2A3B4C5D}.Debug|x86.Build.0 = Debug|Any CPU
		{A1B2C3D4-E5F6-4A5B-8C9D-0E1F2A3B4C5D}.Release|Any CPU.ActiveCfg = Release|Any CPU
		{A1B2C3D4-E5F6-4A5B-8C9D-0E1F2A3B4C5D}.Release|Any CPU.Build.0 = Release|Any CPU
		{A1B2C3D4-E5F6-4A5B-8C9D-0E1F2A3B4C5D}.Release|x64.ActiveCfg = Release|Any CPU
		{A1B2C3D4-E5F6-4A5B-8C9D-0E1F2A3B4C5D}.Release|x64.Build.0 = Release|Any CPU
		{A1B2C3D4-E5F6-4A5B-8C9D-0E1F2A3B4C5D}.Release|x86.ActiveCfg = Release|Any CPU
		{A1B2C3D4-E5F6-4A5B-8C9D-0E1F2A3B4C5D}.Release|x86.Build.0 = Release|Any CPU
		{B2C3D4E5-F6A7-4B5C-9D0E-1F2A3B4C5D6E}.Debug|Any CPU.ActiveCfg = Debug|Any CPU
		{B2C3D4E5-F6A7-4B5C-9D0E-1F2A3B4C5D6E}.Debug|Any CPU.Build.0 = Debug|Any CPU
		{B2C3D4E5-F6A7-4B5C-9D0E-1F2A3B4C5D6E}.Debug|x64.ActiveCfg = Debug|Any CPU
		{B2C3D4E5-F6A7-4B5C-9D0E-1F2A3B4C5D6E}.Debug|x64.Build.0 = Debug|Any CPU
		{B2C3D4E5-F6A7-4B5C-9D0E-1F2A3B4C5D6E}.Debug|x86.ActiveCfg = Debug|Any CPU
		{B2C3D4E5-F6A7-4B5C-9D0E-1F2A3B4C5D6E}.Debug|x86.Build.0 = Debug|Any CPU
		{B2C3D4E5-F6A7-4B5C-9D0E-1F2A3B4C5D6E}.Release|Any CPU.ActiveCfg = Release|Any CPU
		{B2C3D4E5-F6A7-4B5C-9D0E-1F2A3B4C5D6E}.Release|Any CPU.Build.0 = Release|Any CPU
		{B2C3D4E5-F6A7-4B5C-9D0E-1F2A3B4C5D6E}.Release|x64.ActiveCfg = Release|Any CPU
		{B2C3D4E5-F6A7-4B5C-9D0E-1F2A3B4C5D6E}.Release|x64.Build.0 = Release|Any CPU
		{B2C3D4E5-F6A7-4B5C-9D0E-1F2A3B4C5D6E}.Release|x86.ActiveCfg = Release|Any CPU
		{B2C3D4E5-F6A7-4B5C-9D0E-1F2A3B4C5D6E}.Release|x86.Build.0 = Release|Any CPU
		{C3D4E5F6-A7B8-4C5D-0E1F-2A3B4C5D6E7F}.Debug|Any CPU.ActiveCfg = Debug|Any CPU
		{C3D4E5F6-A7B8-4C5D-0E1F-2A3B4C5D6E7F}.Debug|Any CPU.Build.0 = Debug|Any CPU
		{C3D4E5F6-A7B8-4C5D-0E1F-2A3B4C5D6E7F}.Debug|x64.ActiveCfg = Debug|Any CPU
		{C3D4E5F6-A7B8-4C5D-0E1F-2A3B4C5D6E7F}.Debug|x64.Build.0 = Debug|Any CPU
		{C3D4E5F6-A7B8-4C5D-0E1F-2A3B4C5D6E7F}.Debug|x86.ActiveCfg = Debug|Any CPU
		{C3D4E5F6-A7B8-4C5D-0E1F-2A3B4C5D6E7F}.Debug|x86.Build.0 = Debug|Any CPU
		{C3D4E5F6-A7B8-4C5D-0E1F-2A3B4C5D6E7F}.Release|Any CPU.ActiveCfg = Release|Any CPU
		{C3D4E5F6-A7B8-4C5D-0E1F-2A3B4C5D6E7F}.Release|Any CPU.Build.0 = Release|Any CPU
		{C3D4E5F6-A7B8-4C5D-0E1F-2A3B4C5D6E7F}.Release|x64.ActiveCfg = Release|Any CPU
		{C3D4E5F6-A7B8-4C5D-0E1F-2A3B4C5D6E7F}.Release|x64.Build.0 = Release|Any CPU
		{C3D4E5F6-A7B8-4C5D-0E1F-2A3B4C5D6E7F}.Release|x86.ActiveCfg = Release|Any CPU
		{C3D4E5F6-A7B8-4C5D-0E1F-2A3B4C5D6E7F}.Release|x86.Build.0 = Release|Any CPU
		{C2933EBE-8767-41F1-A829-2DEA9FD17582}.Debug|Any CPU.ActiveCfg = Debug|Any CPU
		{C2933EBE-8767-41F1-A829-2DEA9FD17582}.Debug|Any CPU.Build.0 = Debug|Any CPU
		{C2933EBE-8767-41F1-A829-2DEA9FD17582}.Debug|x64.ActiveCfg = Debug|Any CPU
		{C2933EBE-8767-41F1-A829-2DEA9FD17582}.Debug|x64.Build.0 = Debug|Any CPU
		{C2933EBE-8767-41F1-A829-2DEA9FD17582}.Debug|x86.ActiveCfg = Debug|Any CPU
		{C2933EBE-8767-41F1-A829-2DEA9FD17582}.Debug|x86.Build.0 = Debug|Any CPU
		{C2933EBE-8767-41F1-A829-2DEA9FD17582}.Release|Any CPU.ActiveCfg = Release|Any CPU
		{C2933EBE-8767-41F1-A829-2DEA9FD17582}.Release|Any CPU.Build.0 = Release|Any CPU
		{C2933EBE-8767-41F1-A829-2DEA9FD17582}.Release|x64.ActiveCfg = Release|Any CPU
		{C2933EBE-8767-41F1-A829-2DEA9FD17582}.Release|x64.Build.0 = Release|Any CPU
		{C2933EBE-8767-41F1-A829-2DEA9FD17582}.Release|x86.ActiveCfg = Release|Any CPU
		{C2933EBE-8767-41F1-A829-2DEA9FD17582}.Release|x86.Build.0 = Release|Any CPU
		{67ED5271-DD5F-46AE-B249-9604C7C1B8B4}.Debug|Any CPU.ActiveCfg = Debug|Any CPU
		{67ED5271-DD5F-46AE-B249-9604C7C1B8B4}.Debug|Any CPU.Build.0 = Debug|Any CPU
		{67ED5271-DD5F-46AE-B249-9604C7C1B8B4}.Debug|x64.ActiveCfg = Debug|Any CPU
		{67ED5271-DD5F-46AE-B249-9604C7C1B8B4}.Debug|x64.Build.0 = Debug|Any CPU
		{67ED5271-DD5F-46AE-B249-9604C7C1B8B4}.Debug|x86.ActiveCfg = Debug|Any CPU
		{67ED5271-DD5F-46AE-B249-9604C7C1B8B4}.Debug|x86.Build.0 = Debug|Any CPU
		{67ED5271-DD5F-46AE-B249-9604C7C1B8B4}.Release|Any CPU.ActiveCfg = Release|Any CPU
		{67ED5271-DD5F-46AE-B249-9604C7C1B8B4}.Release|Any CPU.Build.0 = Release|Any CPU
		{67ED5271-DD5F-46AE-B249-9604C7C1B8B4}.Release|x64.ActiveCfg = Release|Any CPU
		{67ED5271-DD5F-46AE-B249-9604C7C1B8B4}.Release|x64.Build.0 = Release|Any CPU
		{67ED5271-DD5F-46AE-B249-9604C7C1B8B4}.Release|x86.ActiveCfg = Release|Any CPU
		{67ED5271-DD5F-46AE-B249-9604C7C1B8B4}.Release|x86.Build.0 = Release|Any CPU
		{326690A2-8069-4ECE-8C50-4FCD54DF3E56}.Debug|Any CPU.ActiveCfg = Debug|Any CPU
		{326690A2-8069-4ECE-8C50-4FCD54DF3E56}.Debug|Any CPU.Build.0 = Debug|Any CPU
		{326690A2-8069-4ECE-8C50-4FCD54DF3E56}.Debug|x64.ActiveCfg = Debug|Any CPU
		{326690A2-8069-4ECE-8C50-4FCD54DF3E56}.Debug|x64.Build.0 = Debug|Any CPU
		{326690A2-8069-4ECE-8C50-4FCD54DF3E56}.Debug|x86.ActiveCfg = Debug|Any CPU
		{326690A2-8069-4ECE-8C50-4FCD54DF3E56}.Debug|x86.Build.0 = Debug|Any CPU
		{326690A2-8069-4ECE-8C50-4FCD54DF3E56}.Release|Any CPU.ActiveCfg = Release|Any CPU
		{326690A2-8069-4ECE-8C50-4FCD54DF3E56}.Release|Any CPU.Build.0 = Release|Any CPU
		{326690A2-8069-4ECE-8C50-4FCD54DF3E56}.Release|x64.ActiveCfg = Release|Any CPU
		{326690A2-8069-4ECE-8C50-4FCD54DF3E56}.Release|x64.Build.0 = Release|Any CPU
		{326690A2-8069-4ECE-8C50-4FCD54DF3E56}.Release|x86.ActiveCfg = Release|Any CPU
		{326690A2-8069-4ECE-8C50-4FCD54DF3E56}.Release|x86.Build.0 = Release|Any CPU
	EndGlobalSection
	GlobalSection(SolutionProperties) = preSolution
		HideSolutionNode = FALSE
	EndGlobalSection
EndGlobal
